github.com/GoFightNguyen/katas v0.0.0-20200528010713-13f2fe5ca4f2 h1:T2pds4+HByFGTDSnLZZ4CBcmwmr006g61cz8sl63pZQ=
github.com/GoFightNguyen/katas v0.0.0-20200606213446-bdcab46353da h1:CNXYpTJHL7eOukfkeXRKyjiRuj87eq7KsslXpgh+rag=
github.com/GoFightNguyen/katas v0.0.0-20200607195555-ec30086b3d40 h1:VgYoVrxPWOMbHwkKrgkzCYiBf3K/hM9JJN5vUGNBpgM=
